// !$*UTF8*$!
{
	archiveVersion = 1;
	classes = {
	};
	objectVersion = 46;
	objects = {

/* Begin PBXBuildFile section */
		205E40571F4B94B000E3D369 /* State.swift in Sources */ = {isa = PBXBuildFile; fileRef = 205E40561F4B94B000E3D369 /* State.swift */; };
		205E405B1F4B950600E3D369 /* Actions.swift in Sources */ = {isa = PBXBuildFile; fileRef = 205E405A1F4B950600E3D369 /* Actions.swift */; };
		20F3EE781F3BFB8C00BCA183 /* AppDelegate.swift in Sources */ = {isa = PBXBuildFile; fileRef = 20F3EE771F3BFB8C00BCA183 /* AppDelegate.swift */; };
		20F3EE7A1F3BFB8C00BCA183 /* ViewController.swift in Sources */ = {isa = PBXBuildFile; fileRef = 20F3EE791F3BFB8C00BCA183 /* ViewController.swift */; };
		20F3EE7D1F3BFB8C00BCA183 /* Main.storyboard in Resources */ = {isa = PBXBuildFile; fileRef = 20F3EE7B1F3BFB8C00BCA183 /* Main.storyboard */; };
		20F3EE7F1F3BFB8C00BCA183 /* Assets.xcassets in Resources */ = {isa = PBXBuildFile; fileRef = 20F3EE7E1F3BFB8C00BCA183 /* Assets.xcassets */; };
		20F3EE821F3BFB8C00BCA183 /* LaunchScreen.storyboard in Resources */ = {isa = PBXBuildFile; fileRef = 20F3EE801F3BFB8C00BCA183 /* LaunchScreen.storyboard */; };
		856341ABCF2164D2B9558CAA /* Pods_ApexApp.framework in Frameworks */ = {isa = PBXBuildFile; fileRef = 3C2EE75EDD145C4760C6203E /* Pods_ApexApp.framework */; };
/* End PBXBuildFile section */

/* Begin PBXFileReference section */
		205E40561F4B94B000E3D369 /* State.swift */ = {isa = PBXFileReference; fileEncoding = 4; lastKnownFileType = sourcecode.swift; path = State.swift; sourceTree = "<group>"; };
		205E405A1F4B950600E3D369 /* Actions.swift */ = {isa = PBXFileReference; fileEncoding = 4; lastKnownFileType = sourcecode.swift; path = Actions.swift; sourceTree = "<group>"; };
		20F3EE741F3BFB8C00BCA183 /* ApexApp.app */ = {isa = PBXFileReference; explicitFileType = wrapper.application; includeInIndex = 0; path = ApexApp.app; sourceTree = BUILT_PRODUCTS_DIR; };
		20F3EE771F3BFB8C00BCA183 /* AppDelegate.swift */ = {isa = PBXFileReference; lastKnownFileType = sourcecode.swift; path = AppDelegate.swift; sourceTree = "<group>"; };
		20F3EE791F3BFB8C00BCA183 /* ViewController.swift */ = {isa = PBXFileReference; lastKnownFileType = sourcecode.swift; path = ViewController.swift; sourceTree = "<group>"; };
		20F3EE7C1F3BFB8C00BCA183 /* Base */ = {isa = PBXFileReference; lastKnownFileType = file.storyboard; name = Base; path = Base.lproj/Main.storyboard; sourceTree = "<group>"; };
		20F3EE7E1F3BFB8C00BCA183 /* Assets.xcassets */ = {isa = PBXFileReference; lastKnownFileType = folder.assetcatalog; path = Assets.xcassets; sourceTree = "<group>"; };
		20F3EE811F3BFB8C00BCA183 /* Base */ = {isa = PBXFileReference; lastKnownFileType = file.storyboard; name = Base; path = Base.lproj/LaunchScreen.storyboard; sourceTree = "<group>"; };
		20F3EE831F3BFB8C00BCA183 /* Info.plist */ = {isa = PBXFileReference; lastKnownFileType = text.plist.xml; path = Info.plist; sourceTree = "<group>"; };
		3C2EE75EDD145C4760C6203E /* Pods_ApexApp.framework */ = {isa = PBXFileReference; explicitFileType = wrapper.framework; includeInIndex = 0; path = Pods_ApexApp.framework; sourceTree = BUILT_PRODUCTS_DIR; };
		8014FBC4C1266EC451B748BA /* Pods-ApexApp.release.xcconfig */ = {isa = PBXFileReference; includeInIndex = 1; lastKnownFileType = text.xcconfig; name = "Pods-ApexApp.release.xcconfig"; path = "Pods/Target Support Files/Pods-ApexApp/Pods-ApexApp.release.xcconfig"; sourceTree = "<group>"; };
		CBCD28EE311661C11C01F5B5 /* Pods-ApexApp.debug.xcconfig */ = {isa = PBXFileReference; includeInIndex = 1; lastKnownFileType = text.xcconfig; name = "Pods-ApexApp.debug.xcconfig"; path = "Pods/Target Support Files/Pods-ApexApp/Pods-ApexApp.debug.xcconfig"; sourceTree = "<group>"; };
/* End PBXFileReference section */

/* Begin PBXFrameworksBuildPhase section */
		20F3EE711F3BFB8C00BCA183 /* Frameworks */ = {
			isa = PBXFrameworksBuildPhase;
			buildActionMask = 2147483647;
			files = (
				856341ABCF2164D2B9558CAA /* Pods_ApexApp.framework in Frameworks */,
			);
			runOnlyForDeploymentPostprocessing = 0;
		};
/* End PBXFrameworksBuildPhase section */

/* Begin PBXGroup section */
		20F3EE6B1F3BFB8C00BCA183 = {
			isa = PBXGroup;
			children = (
				20F3EE761F3BFB8C00BCA183 /* ApexApp */,
				20F3EE751F3BFB8C00BCA183 /* Products */,
				93CD8FB5772212D9B326E11C /* Pods */,
				23CF66A56B7327FE9259A6D2 /* Frameworks */,
			);
			sourceTree = "<group>";
		};
		20F3EE751F3BFB8C00BCA183 /* Products */ = {
			isa = PBXGroup;
			children = (
				20F3EE741F3BFB8C00BCA183 /* ApexApp.app */,
			);
			name = Products;
			sourceTree = "<group>";
		};
		20F3EE761F3BFB8C00BCA183 /* ApexApp */ = {
			isa = PBXGroup;
			children = (
				20F3EE771F3BFB8C00BCA183 /* AppDelegate.swift */,
				20F3EE791F3BFB8C00BCA183 /* ViewController.swift */,
				205E40561F4B94B000E3D369 /* State.swift */,
				205E405A1F4B950600E3D369 /* Actions.swift */,
				20F3EE7B1F3BFB8C00BCA183 /* Main.storyboard */,
				20F3EE7E1F3BFB8C00BCA183 /* Assets.xcassets */,
				20F3EE801F3BFB8C00BCA183 /* LaunchScreen.storyboard */,
				20F3EE831F3BFB8C00BCA183 /* Info.plist */,
			);
			path = ApexApp;
			sourceTree = "<group>";
		};
		23CF66A56B7327FE9259A6D2 /* Frameworks */ = {
			isa = PBXGroup;
			children = (
				3C2EE75EDD145C4760C6203E /* Pods_ApexApp.framework */,
			);
			name = Frameworks;
			sourceTree = "<group>";
		};
		93CD8FB5772212D9B326E11C /* Pods */ = {
			isa = PBXGroup;
			children = (
				CBCD28EE311661C11C01F5B5 /* Pods-ApexApp.debug.xcconfig */,
				8014FBC4C1266EC451B748BA /* Pods-ApexApp.release.xcconfig */,
			);
			name = Pods;
			sourceTree = "<group>";
		};
/* End PBXGroup section */

/* Begin PBXNativeTarget section */
		20F3EE731F3BFB8C00BCA183 /* ApexApp */ = {
			isa = PBXNativeTarget;
			buildConfigurationList = 20F3EE861F3BFB8C00BCA183 /* Build configuration list for PBXNativeTarget "ApexApp" */;
			buildPhases = (
				D696B5628BC71E8EC09F656B /* [CP] Check Pods Manifest.lock */,
				20F3EE701F3BFB8C00BCA183 /* Sources */,
				20F3EE711F3BFB8C00BCA183 /* Frameworks */,
				20F3EE721F3BFB8C00BCA183 /* Resources */,
				3E41D6C62E59B869F3A2A5C8 /* [CP] Embed Pods Frameworks */,
				8E63C9265C8E05E5D7CAA14B /* [CP] Copy Pods Resources */,
			);
			buildRules = (
			);
			dependencies = (
			);
			name = ApexApp;
			productName = ApexApp;
			productReference = 20F3EE741F3BFB8C00BCA183 /* ApexApp.app */;
			productType = "com.apple.product-type.application";
		};
/* End PBXNativeTarget section */

/* Begin PBXProject section */
		20F3EE6C1F3BFB8C00BCA183 /* Project object */ = {
			isa = PBXProject;
			attributes = {
				LastSwiftUpdateCheck = 0830;
				LastUpgradeCheck = 0830;
				ORGANIZATIONNAME = "Timothy Hang";
				TargetAttributes = {
					20F3EE731F3BFB8C00BCA183 = {
						CreatedOnToolsVersion = 8.3.3;
						DevelopmentTeam = 852TDXMVWN;
						ProvisioningStyle = Automatic;
					};
				};
			};
			buildConfigurationList = 20F3EE6F1F3BFB8C00BCA183 /* Build configuration list for PBXProject "ApexApp" */;
			compatibilityVersion = "Xcode 3.2";
			developmentRegion = English;
			hasScannedForEncodings = 0;
			knownRegions = (
				en,
				Base,
			);
			mainGroup = 20F3EE6B1F3BFB8C00BCA183;
			productRefGroup = 20F3EE751F3BFB8C00BCA183 /* Products */;
			projectDirPath = "";
			projectRoot = "";
			targets = (
				20F3EE731F3BFB8C00BCA183 /* ApexApp */,
			);
		};
/* End PBXProject section */

/* Begin PBXResourcesBuildPhase section */
		20F3EE721F3BFB8C00BCA183 /* Resources */ = {
			isa = PBXResourcesBuildPhase;
			buildActionMask = 2147483647;
			files = (
				20F3EE821F3BFB8C00BCA183 /* LaunchScreen.storyboard in Resources */,
				20F3EE7F1F3BFB8C00BCA183 /* Assets.xcassets in Resources */,
				20F3EE7D1F3BFB8C00BCA183 /* Main.storyboard in Resources */,
			);
			runOnlyForDeploymentPostprocessing = 0;
		};
/* End PBXResourcesBuildPhase section */

/* Begin PBXShellScriptBuildPhase section */
		3E41D6C62E59B869F3A2A5C8 /* [CP] Embed Pods Frameworks */ = {
			isa = PBXShellScriptBuildPhase;
			buildActionMask = 2147483647;
			files = (
			);
			inputPaths = (
			);
			name = "[CP] Embed Pods Frameworks";
			outputPaths = (
			);
			runOnlyForDeploymentPostprocessing = 0;
			shellPath = /bin/sh;
			shellScript = "\"${SRCROOT}/Pods/Target Support Files/Pods-ApexApp/Pods-ApexApp-frameworks.sh\"\n";
			showEnvVarsInLog = 0;
		};
		8E63C9265C8E05E5D7CAA14B /* [CP] Copy Pods Resources */ = {
			isa = PBXShellScriptBuildPhase;
			buildActionMask = 2147483647;
			files = (
			);
			inputPaths = (
			);
			name = "[CP] Copy Pods Resources";
			outputPaths = (
			);
			runOnlyForDeploymentPostprocessing = 0;
			shellPath = /bin/sh;
			shellScript = "\"${SRCROOT}/Pods/Target Support Files/Pods-ApexApp/Pods-ApexApp-resources.sh\"\n";
			showEnvVarsInLog = 0;
		};
		D696B5628BC71E8EC09F656B /* [CP] Check Pods Manifest.lock */ = {
			isa = PBXShellScriptBuildPhase;
			buildActionMask = 2147483647;
			files = (
			);
			inputPaths = (
			);
			name = "[CP] Check Pods Manifest.lock";
			outputPaths = (
			);
			runOnlyForDeploymentPostprocessing = 0;
			shellPath = /bin/sh;
			shellScript = "diff \"${PODS_PODFILE_DIR_PATH}/Podfile.lock\" \"${PODS_ROOT}/Manifest.lock\" > /dev/null\nif [ $? != 0 ] ; then\n    # print error to STDERR\n    echo \"error: The sandbox is not in sync with the Podfile.lock. Run 'pod install' or update your CocoaPods installation.\" >&2\n    exit 1\nfi\n";
			showEnvVarsInLog = 0;
		};
/* End PBXShellScriptBuildPhase section */

/* Begin PBXSourcesBuildPhase section */
		20F3EE701F3BFB8C00BCA183 /* Sources */ = {
			isa = PBXSourcesBuildPhase;
			buildActionMask = 2147483647;
			files = (
				20F3EE7A1F3BFB8C00BCA183 /* ViewController.swift in Sources */,
				205E405B1F4B950600E3D369 /* Actions.swift in Sources */,
				20F3EE781F3BFB8C00BCA183 /* AppDelegate.swift in Sources */,
				205E40571F4B94B000E3D369 /* State.swift in Sources */,
			);
			runOnlyForDeploymentPostprocessing = 0;
		};
/* End PBXSourcesBuildPhase section */

/* Begin PBXVariantGroup section */
		20F3EE7B1F3BFB8C00BCA183 /* Main.storyboard */ = {
			isa = PBXVariantGroup;
			children = (
				20F3EE7C1F3BFB8C00BCA183 /* Base */,
			);
			name = Main.storyboard;
			sourceTree = "<group>";
		};
		20F3EE801F3BFB8C00BCA183 /* LaunchScreen.storyboard */ = {
			isa = PBXVariantGroup;
			children = (
				20F3EE811F3BFB8C00BCA183 /* Base */,
			);
			name = LaunchScreen.storyboard;
			sourceTree = "<group>";
		};
/* End PBXVariantGroup section */

/* Begin XCBuildConfiguration section */
		20F3EE841F3BFB8C00BCA183 /* Debug */ = {
			isa = XCBuildConfiguration;
			buildSettings = {
				ALWAYS_SEARCH_USER_PATHS = NO;
				CLANG_ANALYZER_NONNULL = YES;
				CLANG_ANALYZER_NUMBER_OBJECT_CONVERSION = YES_AGGRESSIVE;
				CLANG_CXX_LANGUAGE_STANDARD = "gnu++0x";
				CLANG_CXX_LIBRARY = "libc++";
				CLANG_ENABLE_MODULES = YES;
				CLANG_ENABLE_OBJC_ARC = YES;
				CLANG_WARN_BOOL_CONVERSION = YES;
				CLANG_WARN_CONSTANT_CONVERSION = YES;
				CLANG_WARN_DIRECT_OBJC_ISA_USAGE = YES_ERROR;
				CLANG_WARN_DOCUMENTATION_COMMENTS = YES;
				CLANG_WARN_EMPTY_BODY = YES;
				CLANG_WARN_ENUM_CONVERSION = YES;
				CLANG_WARN_INFINITE_RECURSION = YES;
				CLANG_WARN_INT_CONVERSION = YES;
				CLANG_WARN_OBJC_ROOT_CLASS = YES_ERROR;
				CLANG_WARN_SUSPICIOUS_MOVE = YES;
				CLANG_WARN_UNREACHABLE_CODE = YES;
				CLANG_WARN__DUPLICATE_METHOD_MATCH = YES;
				"CODE_SIGN_IDENTITY[sdk=iphoneos*]" = "iPhone Developer";
				COPY_PHASE_STRIP = NO;
				DEBUG_INFORMATION_FORMAT = dwarf;
				ENABLE_STRICT_OBJC_MSGSEND = YES;
				ENABLE_TESTABILITY = YES;
				GCC_C_LANGUAGE_STANDARD = gnu99;
				GCC_DYNAMIC_NO_PIC = NO;
				GCC_NO_COMMON_BLOCKS = YES;
				GCC_OPTIMIZATION_LEVEL = 0;
				GCC_PREPROCESSOR_DEFINITIONS = (
					"DEBUG=1",
					"$(inherited)",
				);
				GCC_WARN_64_TO_32_BIT_CONVERSION = YES;
				GCC_WARN_ABOUT_RETURN_TYPE = YES_ERROR;
				GCC_WARN_UNDECLARED_SELECTOR = YES;
				GCC_WARN_UNINITIALIZED_AUTOS = YES_AGGRESSIVE;
				GCC_WARN_UNUSED_FUNCTION = YES;
				GCC_WARN_UNUSED_VARIABLE = YES;
				IPHONEOS_DEPLOYMENT_TARGET = 10.3;
				MTL_ENABLE_DEBUG_INFO = YES;
				ONLY_ACTIVE_ARCH = YES;
				SDKROOT = iphoneos;
				SWIFT_ACTIVE_COMPILATION_CONDITIONS = DEBUG;
				SWIFT_OPTIMIZATION_LEVEL = "-Onone";
			};
			name = Debug;
		};
		20F3EE851F3BFB8C00BCA183 /* Release */ = {
			isa = XCBuildConfiguration;
			buildSettings = {
				ALWAYS_SEARCH_USER_PATHS = NO;
				CLANG_ANALYZER_NONNULL = YES;
				CLANG_ANALYZER_NUMBER_OBJECT_CONVERSION = YES_AGGRESSIVE;
				CLANG_CXX_LANGUAGE_STANDARD = "gnu++0x";
				CLANG_CXX_LIBRARY = "libc++";
				CLANG_ENABLE_MODULES = YES;
				CLANG_ENABLE_OBJC_ARC = YES;
				CLANG_WARN_BOOL_CONVERSION = YES;
				CLANG_WARN_CONSTANT_CONVERSION = YES;
				CLANG_WARN_DIRECT_OBJC_ISA_USAGE = YES_ERROR;
				CLANG_WARN_DOCUMENTATION_COMMENTS = YES;
				CLANG_WARN_EMPTY_BODY = YES;
				CLANG_WARN_ENUM_CONVERSION = YES;
				CLANG_WARN_INFINITE_RECURSION = YES;
				CLANG_WARN_INT_CONVERSION = YES;
				CLANG_WARN_OBJC_ROOT_CLASS = YES_ERROR;
				CLANG_WARN_SUSPICIOUS_MOVE = YES;
				CLANG_WARN_UNREACHABLE_CODE = YES;
				CLANG_WARN__DUPLICATE_METHOD_MATCH = YES;
				"CODE_SIGN_IDENTITY[sdk=iphoneos*]" = "iPhone Developer";
				COPY_PHASE_STRIP = NO;
				DEBUG_INFORMATION_FORMAT = "dwarf-with-dsym";
				ENABLE_NS_ASSERTIONS = NO;
				ENABLE_STRICT_OBJC_MSGSEND = YES;
				GCC_C_LANGUAGE_STANDARD = gnu99;
				GCC_NO_COMMON_BLOCKS = YES;
				GCC_WARN_64_TO_32_BIT_CONVERSION = YES;
				GCC_WARN_ABOUT_RETURN_TYPE = YES_ERROR;
				GCC_WARN_UNDECLARED_SELECTOR = YES;
				GCC_WARN_UNINITIALIZED_AUTOS = YES_AGGRESSIVE;
				GCC_WARN_UNUSED_FUNCTION = YES;
				GCC_WARN_UNUSED_VARIABLE = YES;
				IPHONEOS_DEPLOYMENT_TARGET = 10.3;
				MTL_ENABLE_DEBUG_INFO = NO;
				SDKROOT = iphoneos;
				SWIFT_OPTIMIZATION_LEVEL = "-Owholemodule";
				VALIDATE_PRODUCT = YES;
			};
			name = Release;
		};
		20F3EE871F3BFB8C00BCA183 /* Debug */ = {
			isa = XCBuildConfiguration;
			baseConfigurationReference = CBCD28EE311661C11C01F5B5 /* Pods-ApexApp.debug.xcconfig */;
			buildSettings = {
				ASSETCATALOG_COMPILER_APPICON_NAME = AppIcon;
				DEVELOPMENT_TEAM = 852TDXMVWN;
				INFOPLIST_FILE = ApexApp/Info.plist;
				LD_RUNPATH_SEARCH_PATHS = "$(inherited) @executable_path/Frameworks";
				PRODUCT_BUNDLE_IDENTIFIER = com.tiy.ApexApp;
				PRODUCT_NAME = "$(TARGET_NAME)";
				SWIFT_VERSION = 3.0;
			};
			name = Debug;
		};
		20F3EE881F3BFB8C00BCA183 /* Release */ = {
			isa = XCBuildConfiguration;
			baseConfigurationReference = 8014FBC4C1266EC451B748BA /* Pods-ApexApp.release.xcconfig */;
			buildSettings = {
				ASSETCATALOG_COMPILER_APPICON_NAME = AppIcon;
				DEVELOPMENT_TEAM = 852TDXMVWN;
				INFOPLIST_FILE = ApexApp/Info.plist;
				LD_RUNPATH_SEARCH_PATHS = "$(inherited) @executable_path/Frameworks";
				PRODUCT_BUNDLE_IDENTIFIER = com.tiy.ApexApp;
				PRODUCT_NAME = "$(TARGET_NAME)";
				SWIFT_VERSION = 3.0;
			};
			name = Release;
		};
/* End XCBuildConfiguration section */

/* Begin XCConfigurationList section */
		20F3EE6F1F3BFB8C00BCA183 /* Build configuration list for PBXProject "ApexApp" */ = {
			isa = XCConfigurationList;
			buildConfigurations = (
				20F3EE841F3BFB8C00BCA183 /* Debug */,
				20F3EE851F3BFB8C00BCA183 /* Release */,
			);
			defaultConfigurationIsVisible = 0;
			defaultConfigurationName = Release;
		};
		20F3EE861F3BFB8C00BCA183 /* Build configuration list for PBXNativeTarget "ApexApp" */ = {
			isa = XCConfigurationList;
			buildConfigurations = (
				20F3EE871F3BFB8C00BCA183 /* Debug */,
				20F3EE881F3BFB8C00BCA183 /* Release */,
			);
			defaultConfigurationIsVisible = 0;
			defaultConfigurationName = Release;
		};
/* End XCConfigurationList section */
	};
	rootObject = 20F3EE6C1F3BFB8C00BCA183 /* Project object */;
}
